dependencies:
- name: online-shop-service
  repository: file://../online-shop-service
  version: 0.1.0
- name: online-shop-service
  repository: file://../online-shop-service
  version: 0.1.0
- name: online-shop-service
  repository: file://../online-shop-service
  version: 0.1.0
- name: online-shop-service
  repository: file://../online-shop-service
  version: 0.1.0
- name: online-shop-service
  repository: file://../online-shop-service
  version: 0.1.0
- name: online-shop-service
  repository: file://../online-shop-service
  version: 0.1.0
- name: online-shop-service
  repository: file://../online-shop-service
  version: 0.1.0
- name: online-shop-service
  repository: file://../online-shop-service
  version: 0.1.0
- name: online-shop-service
  repository: file://../online-shop-service
  version: 0.1.0
- name: online-shop-service
  repository: file://../online-shop-service
  version: 0.1.0
- name: online-shop-service
  repository: file://../online-shop-service
  version: 0.1.0
- name: online-shop-service
  repository: file://../online-shop-service
  version: 0.1.0
digest: sha256:b8386e371de8c6bf29ee67a937f0036365668dd76dbc95bfc34eaaaed3cff25b
generated: "2026-04-13T12:35:42.4168095-04:00"
